
Microsoft Visual Studio Solution File, Format Version 12.00
# Visual Studio Version 17
VisualStudioVersion = 17.3.32929.385
MinimumVisualStudioVersion = 10.0.40219.1
Project("{FAE04EC0-301F-11D3-BF4B-00C04F79EFBC}") = "ByteBank", "ByteBank\ByteBank.csproj", "{0B219F6E-22A3-4498-84A2-DA24F4DB5195}"
EndProject
Global
	GlobalSection(SolutionConfigurationPlatforms) = preSolution
		Debug|Any CPU = Debug|Any CPU
		Release|Any CPU = Release|Any CPU
	EndGlobalSection
	GlobalSection(ProjectConfigurationPlatforms) = postSolution
		{0B219F6E-22A3-4498-84A2-DA24F4DB5195}.Debug|Any CPU.ActiveCfg = Debug|Any CPU
		{0B219F6E-22A3-4498-84A2-DA24F4DB5195}.Debug|Any CPU.Build.0 = Debug|Any CPU
		{0B219F6E-22A3-4498-84A2-DA24F4DB5195}.Release|Any CPU.ActiveCfg = Release|Any CPU
		{0B219F6E-22A3-4498-84A2-DA24F4DB5195}.Release|Any CPU.Build.0 = Release|Any CPU
	EndGlobalSection
	GlobalSection(SolutionProperties) = preSolution
		HideSolutionNode = FALSE
	EndGlobalSection
	GlobalSection(ExtensibilityGlobals) = postSolution
		SolutionGuid = {B02166AB-7FFC-47A5-81BE-5848E6C0E84A}
	EndGlobalSection
EndGlobal
